
Microsoft Visual Studio Solution File, Format Version 12.00
# Visual Studio Version 17
VisualStudioVersion = 17.1.32210.238
MinimumVisualStudioVersion = 10.0.40219.1
Project("{FAE04EC0-301F-11D3-BF4B-00C04F79EFBC}") = "Producer", "Producer\Producer.csproj", "{889068B7-9DF0-4401-83A0-206BF577EC66}"
EndProject
Project("{FAE04EC0-301F-11D3-BF4B-00C04F79EFBC}") = "Consumer.Bank", "Consumer.Bank\Consumer.Bank.csproj", "{F1ED7774-BEA9-471F-8192-21779EDE530C}"
EndProject
Project("{FAE04EC0-301F-11D3-BF4B-00C04F79EFBC}") = "Consumer.Tax", "Consumer.Tax\Consumer.Tax.csproj", "{8A52E258-47D3-42B5-90CA-F97E4D40B7EB}"
EndProject
Global
	GlobalSection(SolutionConfigurationPlatforms) = preSolution
		Debug|Any CPU = Debug|Any CPU
		Release|Any CPU = Release|Any CPU
	EndGlobalSection
	GlobalSection(ProjectConfigurationPlatforms) = postSolution
		{889068B7-9DF0-4401-83A0-206BF577EC66}.Debug|Any CPU.ActiveCfg = Debug|Any CPU
		{889068B7-9DF0-4401-83A0-206BF577EC66}.Debug|Any CPU.Build.0 = Debug|Any CPU
		{889068B7-9DF0-4401-83A0-206BF577EC66}.Release|Any CPU.ActiveCfg = Release|Any CPU
		{889068B7-9DF0-4401-83A0-206BF577EC66}.Release|Any CPU.Build.0 = Release|Any CPU
		{F1ED7774-BEA9-471F-8192-21779EDE530C}.Debug|Any CPU.ActiveCfg = Debug|Any CPU
		{F1ED7774-BEA9-471F-8192-21779EDE530C}.Debug|Any CPU.Build.0 = Debug|Any CPU
		{F1ED7774-BEA9-471F-8192-21779EDE530C}.Release|Any CPU.ActiveCfg = Release|Any CPU
		{F1ED7774-BEA9-471F-8192-21779EDE530C}.Release|Any CPU.Build.0 = Release|Any CPU
		{8A52E258-47D3-42B5-90CA-F97E4D40B7EB}.Debug|Any CPU.ActiveCfg = Debug|Any CPU
		{8A52E258-47D3-42B5-90CA-F97E4D40B7EB}.Debug|Any CPU.Build.0 = Debug|Any CPU
		{8A52E258-47D3-42B5-90CA-F97E4D40B7EB}.Release|Any CPU.ActiveCfg = Release|Any CPU
		{8A52E258-47D3-42B5-90CA-F97E4D40B7EB}.Release|Any CPU.Build.0 = Release|Any CPU
	EndGlobalSection
	GlobalSection(SolutionProperties) = preSolution
		HideSolutionNode = FALSE
	EndGlobalSection
	GlobalSection(ExtensibilityGlobals) = postSolution
		SolutionGuid = {8608E8F1-F112-4F5E-A51B-4E1E4BE45F94}
	EndGlobalSection
EndGlobal
